{
  "lib/account-abstraction": {
    "rev": "cc3893bcaf2272c163ce89d5eb9eadb8e6b52db7"
  },
  "lib/forge-std": {
    "rev": "a3dca253700f19f15b1837c57c67b9388f5cc3fb"
  },
  "lib/openzeppelin-contracts": {
    "tag": {
      "name": "v5.4.0",
      "rev": "c64a1edb67b6e3f4a15cca8909c9482ad33a02b0"
    }
  },
  "lib/openzeppelin-contracts-upgradeable": {
    "tag": {
      "name": "v5.4.0",
      "rev": "e725abddf1e01cf05ace496e950fc8e243cc7cab"
    }
  },
  "lib/openzeppelin-foundry-upgrades": {
    "rev": "cfd861bc18ef4737e82eae6ec75304e27af699ef"
  },
  "lib/prb-math": {
    "rev": "dae52a48422f7464e7eeb4eea824f44dde7dfabe"
  },
  "lib/solady": {
    "tag": {
      "name": "v0.1.26",
      "rev": "acd959aa4bd04720d640bf4e6a5c71037510cc4b"
    }
  }
}